# generated by rye
# use `rye lock` or `rye sync` to update this lockfile
#
# last locked with the following flags:
#   pre: false
#   features: []
#   all-features: false

-e file:.
backports-zoneinfo==0.2.1
certifi==2023.7.22
charset-normalizer==3.3.2
idna==3.4
js2py==0.74
pyjsparser==2.7.1
requests==2.30.0
six==1.16.0
tzlocal==5.2
urllib3==2.0.7
