# generated by rye
# use `rye lock` or `rye sync` to update this lockfile
#
# last locked with the following flags:
#   pre: false
#   features: []
#   all-features: false

-e file:.
backports-zoneinfo==0.2.1
bleach==6.0.0
certifi==2023.5.7
cfgv==3.3.1
charset-normalizer==3.1.0
coverage==7.2.5
distlib==0.3.6
docutils==0.20
exceptiongroup==1.1.1
filelock==3.12.0
identify==2.5.24
idna==3.4
importlib-metadata==6.6.0
importlib-resources==5.12.0
iniconfig==2.0.0
jaraco-classes==3.2.3
js2py==0.74
keyring==23.13.1
markdown-it-py==2.2.0
mdurl==0.1.2
more-itertools==9.1.0
nodeenv==1.8.0
packaging==23.1
pkginfo==1.9.6
platformdirs==3.5.1
pluggy==1.0.0
pre-commit==3.3.1
pygments==2.15.1
pyjsparser==2.7.1
pytest==7.3.1
pytest-cov==4.0.0
pytest-sugar==0.9.7
pytz-deprecation-shim==0.1.0.post0
pyyaml==6.0
readme-renderer==37.3
requests==2.30.0
requests-toolbelt==1.0.0
rfc3986==2.0.0
rich==13.3.5
six==1.16.0
termcolor==2.3.0
tomli==2.0.1
twine==4.0.2
typing-extensions==4.5.0
tzdata==2023.3
tzlocal==4.3
urllib3==2.0.2
virtualenv==20.23.0
webencodings==0.5.1
zipp==3.15.0

# The following packages are considered to be unsafe in a requirements file:
setuptools==67.7.2
